
Microsoft Visual Studio Solution File, Format Version 12.00
# Visual Studio Version 17
VisualStudioVersion = 17.7.34024.191
MinimumVisualStudioVersion = 10.0.40219.1
Project("{FAE04EC0-301F-11D3-BF4B-00C04F79EFBC}") = "HomeTask1", "HomeTask1\HomeTask1.csproj", "{EB36C123-363E-4B3D-8F87-4A8E40D97656}"
EndProject
Global
	GlobalSection(SolutionConfigurationPlatforms) = preSolution
		Debug|Any CPU = Debug|Any CPU
		Release|Any CPU = Release|Any CPU
	EndGlobalSection
	GlobalSection(ProjectConfigurationPlatforms) = postSolution
		{EB36C123-363E-4B3D-8F87-4A8E40D97656}.Debug|Any CPU.ActiveCfg = Debug|Any CPU
		{EB36C123-363E-4B3D-8F87-4A8E40D97656}.Debug|Any CPU.Build.0 = Debug|Any CPU
		{EB36C123-363E-4B3D-8F87-4A8E40D97656}.Release|Any CPU.ActiveCfg = Release|Any CPU
		{EB36C123-363E-4B3D-8F87-4A8E40D97656}.Release|Any CPU.Build.0 = Release|Any CPU
	EndGlobalSection
	GlobalSection(SolutionProperties) = preSolution
		HideSolutionNode = FALSE
	EndGlobalSection
	GlobalSection(ExtensibilityGlobals) = postSolution
		SolutionGuid = {BD57ADDC-2D2C-4C0D-B73C-C9DB040ADE8A}
	EndGlobalSection
EndGlobal
